
Microsoft Visual Studio Solution File, Format Version 12.00
# Visual Studio Version 17
VisualStudioVersion = 17.8.34525.116
MinimumVisualStudioVersion = 10.0.40219.1
Project("{FAE04EC0-301F-11D3-BF4B-00C04F79EFBC}") = "SimpleExample", "SimpleExample.csproj", "{1C6CEDC5-EC12-4D07-9776-AD1CD2F38C71}"
EndProject
Global
	GlobalSection(SolutionConfigurationPlatforms) = preSolution
		Debug|Any CPU = Debug|Any CPU
		Release|Any CPU = Release|Any CPU
	EndGlobalSection
	GlobalSection(ProjectConfigurationPlatforms) = postSolution
		{1C6CEDC5-EC12-4D07-9776-AD1CD2F38C71}.Debug|Any CPU.ActiveCfg = Debug|Any CPU
		{1C6CEDC5-EC12-4D07-9776-AD1CD2F38C71}.Debug|Any CPU.Build.0 = Debug|Any CPU
		{1C6CEDC5-EC12-4D07-9776-AD1CD2F38C71}.Release|Any CPU.ActiveCfg = Release|Any CPU
		{1C6CEDC5-EC12-4D07-9776-AD1CD2F38C71}.Release|Any CPU.Build.0 = Release|Any CPU
	EndGlobalSection
	GlobalSection(SolutionProperties) = preSolution
		HideSolutionNode = FALSE
	EndGlobalSection
	GlobalSection(ExtensibilityGlobals) = postSolution
		SolutionGuid = {58052A1F-F4BF-4FA8-AA4A-32C4227E5D84}
	EndGlobalSection
EndGlobal
